
Microsoft Visual Studio Solution File, Format Version 12.00
# Visual Studio Version 17
VisualStudioVersion = 17.4.33213.308
MinimumVisualStudioVersion = 10.0.40219.1
Project("{FAE04EC0-301F-11D3-BF4B-00C04F79EFBC}") = "Circulo", "Circulo\Circulo.csproj", "{202C0C7C-C56B-43A3-BD9E-8FAE17F01340}"
EndProject
Global
	GlobalSection(SolutionConfigurationPlatforms) = preSolution
		Debug|Any CPU = Debug|Any CPU
		Release|Any CPU = Release|Any CPU
	EndGlobalSection
	GlobalSection(ProjectConfigurationPlatforms) = postSolution
		{202C0C7C-C56B-43A3-BD9E-8FAE17F01340}.Debug|Any CPU.ActiveCfg = Debug|Any CPU
		{202C0C7C-C56B-43A3-BD9E-8FAE17F01340}.Debug|Any CPU.Build.0 = Debug|Any CPU
		{202C0C7C-C56B-43A3-BD9E-8FAE17F01340}.Release|Any CPU.ActiveCfg = Release|Any CPU
		{202C0C7C-C56B-43A3-BD9E-8FAE17F01340}.Release|Any CPU.Build.0 = Release|Any CPU
	EndGlobalSection
	GlobalSection(SolutionProperties) = preSolution
		HideSolutionNode = FALSE
	EndGlobalSection
	GlobalSection(ExtensibilityGlobals) = postSolution
		SolutionGuid = {4BEBCDA0-4D64-455A-893C-261B17D4FFC5}
	EndGlobalSection
EndGlobal
